
Microsoft Visual Studio Solution File, Format Version 12.00
# Visual Studio Version 17
VisualStudioVersion = 17.6.33723.286
MinimumVisualStudioVersion = 10.0.40219.1
Project("{FAE04EC0-301F-11D3-BF4B-00C04F79EFBC}") = "ConsoleApp48", "ConsoleApp48.csproj", "{7C1C7459-2D71-4A93-8F4F-CA900F5130CA}"
EndProject
Global
	GlobalSection(SolutionConfigurationPlatforms) = preSolution
		Debug|Any CPU = Debug|Any CPU
		Release|Any CPU = Release|Any CPU
	EndGlobalSection
	GlobalSection(ProjectConfigurationPlatforms) = postSolution
		{7C1C7459-2D71-4A93-8F4F-CA900F5130CA}.Debug|Any CPU.ActiveCfg = Debug|Any CPU
		{7C1C7459-2D71-4A93-8F4F-CA900F5130CA}.Debug|Any CPU.Build.0 = Debug|Any CPU
		{7C1C7459-2D71-4A93-8F4F-CA900F5130CA}.Release|Any CPU.ActiveCfg = Release|Any CPU
		{7C1C7459-2D71-4A93-8F4F-CA900F5130CA}.Release|Any CPU.Build.0 = Release|Any CPU
	EndGlobalSection
	GlobalSection(SolutionProperties) = preSolution
		HideSolutionNode = FALSE
	EndGlobalSection
	GlobalSection(ExtensibilityGlobals) = postSolution
		SolutionGuid = {24C93584-DB7C-415E-991A-9A99FA053E57}
	EndGlobalSection
EndGlobal
